
Microsoft Visual Studio Solution File, Format Version 12.00
# Visual Studio Version 16
VisualStudioVersion = 16.0.31205.134
MinimumVisualStudioVersion = 10.0.40219.1
Project("{FAE04EC0-301F-11D3-BF4B-00C04F79EFBC}") = "Bilet_conferinta_paw", "Bilet_conferinta_paw\Bilet_conferinta_paw.csproj", "{F19C5736-7451-4654-9FF7-00D8E541C1CE}"
EndProject
Global
	GlobalSection(SolutionConfigurationPlatforms) = preSolution
		Debug|Any CPU = Debug|Any CPU
		Release|Any CPU = Release|Any CPU
	EndGlobalSection
	GlobalSection(ProjectConfigurationPlatforms) = postSolution
		{F19C5736-7451-4654-9FF7-00D8E541C1CE}.Debug|Any CPU.ActiveCfg = Debug|Any CPU
		{F19C5736-7451-4654-9FF7-00D8E541C1CE}.Debug|Any CPU.Build.0 = Debug|Any CPU
		{F19C5736-7451-4654-9FF7-00D8E541C1CE}.Release|Any CPU.ActiveCfg = Release|Any CPU
		{F19C5736-7451-4654-9FF7-00D8E541C1CE}.Release|Any CPU.Build.0 = Release|Any CPU
	EndGlobalSection
	GlobalSection(SolutionProperties) = preSolution
		HideSolutionNode = FALSE
	EndGlobalSection
	GlobalSection(ExtensibilityGlobals) = postSolution
		SolutionGuid = {53996101-EBD8-4536-B81C-827E7A69D044}
	EndGlobalSection
EndGlobal
